// !$*UTF8*$!
{
	archiveVersion = 1;
	classes = {
	};
	objectVersion = 50;
	objects = {

/* Begin PBXBuildFile section */
		FC56F4B523FDCD650024DFA2 /* screenshot.jpg in Resources */ = {isa = PBXBuildFile; fileRef = FC56F4B423FDCD650024DFA2 /* screenshot.jpg */; };
		FCE3699723E4BD7B00661990 /* AppDelegate.swift in Sources */ = {isa = PBXBuildFile; fileRef = FCE3699623E4BD7B00661990 /* AppDelegate.swift */; };
		FCE3699923E4BD7B00661990 /* ViewController.swift in Sources */ = {isa = PBXBuildFile; fileRef = FCE3699823E4BD7B00661990 /* ViewController.swift */; };
		FCE3699B23E4BD7D00661990 /* Assets.xcassets in Resources */ = {isa = PBXBuildFile; fileRef = FCE3699A23E4BD7D00661990 /* Assets.xcassets */; };
		FCE3699E23E4BD7D00661990 /* Main.storyboard in Resources */ = {isa = PBXBuildFile; fileRef = FCE3699C23E4BD7D00661990 /* Main.storyboard */; };
		FCE369A923E86E1900661990 /* WindowController.swift in Sources */ = {isa = PBXBuildFile; fileRef = FCE369A823E86E1900661990 /* WindowController.swift */; };
		FCE369AB23EC943E00661990 /* CGSize+aspectFit+aspectFill.swift in Sources */ = {isa = PBXBuildFile; fileRef = FCE369AA23EC943E00661990 /* CGSize+aspectFit+aspectFill.swift */; };
/* End PBXBuildFile section */

/* Begin PBXFileReference section */
		FC56F4B423FDCD650024DFA2 /* screenshot.jpg */ = {isa = PBXFileReference; lastKnownFileType = image.jpeg; path = screenshot.jpg; sourceTree = "<group>"; };
		FCE3699323E4BD7B00661990 /* ExploringRectangleDetection.app */ = {isa = PBXFileReference; explicitFileType = wrapper.application; includeInIndex = 0; path = ExploringRectangleDetection.app; sourceTree = BUILT_PRODUCTS_DIR; };
		FCE3699623E4BD7B00661990 /* AppDelegate.swift */ = {isa = PBXFileReference; lastKnownFileType = sourcecode.swift; path = AppDelegate.swift; sourceTree = "<group>"; };
		FCE3699823E4BD7B00661990 /* ViewController.swift */ = {isa = PBXFileReference; lastKnownFileType = sourcecode.swift; path = ViewController.swift; sourceTree = "<group>"; };
		FCE3699A23E4BD7D00661990 /* Assets.xcassets */ = {isa = PBXFileReference; lastKnownFileType = folder.assetcatalog; path = Assets.xcassets; sourceTree = "<group>"; };
		FCE3699D23E4BD7D00661990 /* Base */ = {isa = PBXFileReference; lastKnownFileType = file.storyboard; name = Base; path = Base.lproj/Main.storyboard; sourceTree = "<group>"; };
		FCE3699F23E4BD7D00661990 /* Info.plist */ = {isa = PBXFileReference; lastKnownFileType = text.plist.xml; path = Info.plist; sourceTree = "<group>"; };
		FCE369A023E4BD7D00661990 /* ExploringRectangleDetection.entitlements */ = {isa = PBXFileReference; lastKnownFileType = text.plist.entitlements; path = ExploringRectangleDetection.entitlements; sourceTree = "<group>"; };
		FCE369A823E86E1900661990 /* WindowController.swift */ = {isa = PBXFileReference; lastKnownFileType = sourcecode.swift; path = WindowController.swift; sourceTree = "<group>"; };
		FCE369AA23EC943E00661990 /* CGSize+aspectFit+aspectFill.swift */ = {isa = PBXFileReference; lastKnownFileType = sourcecode.swift; path = "CGSize+aspectFit+aspectFill.swift"; sourceTree = "<group>"; };
		FCE369AC23EDB9D000661990 /* README.md */ = {isa = PBXFileReference; lastKnownFileType = net.daringfireball.markdown; path = README.md; sourceTree = "<group>"; };
/* End PBXFileReference section */

/* Begin PBXFrameworksBuildPhase section */
		FCE3699023E4BD7B00661990 /* Frameworks */ = {
			isa = PBXFrameworksBuildPhase;
			buildActionMask = 2147483647;
			files = (
			);
			runOnlyForDeploymentPostprocessing = 0;
		};
/* End PBXFrameworksBuildPhase section */

/* Begin PBXGroup section */
		FCE3698A23E4BD7B00661990 = {
			isa = PBXGroup;
			children = (
				FC56F4B423FDCD650024DFA2 /* screenshot.jpg */,
				FCE369AC23EDB9D000661990 /* README.md */,
				FCE3699523E4BD7B00661990 /* ExploringRectangleDetection */,
				FCE3699423E4BD7B00661990 /* Products */,
			);
			sourceTree = "<group>";
		};
		FCE3699423E4BD7B00661990 /* Products */ = {
			isa = PBXGroup;
			children = (
				FCE3699323E4BD7B00661990 /* ExploringRectangleDetection.app */,
			);
			name = Products;
			sourceTree = "<group>";
		};
		FCE3699523E4BD7B00661990 /* ExploringRectangleDetection */ = {
			isa = PBXGroup;
			children = (
				FCE3699623E4BD7B00661990 /* AppDelegate.swift */,
				FCE3699823E4BD7B00661990 /* ViewController.swift */,
				FCE3699A23E4BD7D00661990 /* Assets.xcassets */,
				FCE3699C23E4BD7D00661990 /* Main.storyboard */,
				FCE3699F23E4BD7D00661990 /* Info.plist */,
				FCE369A023E4BD7D00661990 /* ExploringRectangleDetection.entitlements */,
				FCE369A823E86E1900661990 /* WindowController.swift */,
				FCE369AA23EC943E00661990 /* CGSize+aspectFit+aspectFill.swift */,
			);
			path = ExploringRectangleDetection;
			sourceTree = "<group>";
		};
/* End PBXGroup section */

/* Begin PBXNativeTarget section */
		FCE3699223E4BD7B00661990 /* ExploringRectangleDetection */ = {
			isa = PBXNativeTarget;
			buildConfigurationList = FCE369A323E4BD7D00661990 /* Build configuration list for PBXNativeTarget "ExploringRectangleDetection" */;
			buildPhases = (
				FCE3698F23E4BD7B00661990 /* Sources */,
				FCE3699023E4BD7B00661990 /* Frameworks */,
				FCE3699123E4BD7B00661990 /* Resources */,
			);
			buildRules = (
			);
			dependencies = (
			);
			name = ExploringRectangleDetection;
			productName = ExploringRectangleDetection;
			productReference = FCE3699323E4BD7B00661990 /* ExploringRectangleDetection.app */;
			productType = "com.apple.product-type.application";
		};
/* End PBXNativeTarget section */

/* Begin PBXProject section */
		FCE3698B23E4BD7B00661990 /* Project object */ = {
			isa = PBXProject;
			attributes = {
				LastSwiftUpdateCheck = 1130;
				LastUpgradeCheck = 1130;
				ORGANIZATIONNAME = "Jonathan Badger";
				TargetAttributes = {
					FCE3699223E4BD7B00661990 = {
						CreatedOnToolsVersion = 11.3.1;
					};
				};
			};
			buildConfigurationList = FCE3698E23E4BD7B00661990 /* Build configuration list for PBXProject "ExploringRectangleDetection" */;
			compatibilityVersion = "Xcode 9.3";
			developmentRegion = en;
			hasScannedForEncodings = 0;
			knownRegions = (
				en,
				Base,
			);
			mainGroup = FCE3698A23E4BD7B00661990;
			productRefGroup = FCE3699423E4BD7B00661990 /* Products */;
			projectDirPath = "";
			projectRoot = "";
			targets = (
				FCE3699223E4BD7B00661990 /* ExploringRectangleDetection */,
			);
		};
/* End PBXProject section */

/* Begin PBXResourcesBuildPhase section */
		FCE3699123E4BD7B00661990 /* Resources */ = {
			isa = PBXResourcesBuildPhase;
			buildActionMask = 2147483647;
			files = (
				FC56F4B523FDCD650024DFA2 /* screenshot.jpg in Resources */,
				FCE3699B23E4BD7D00661990 /* Assets.xcassets in Resources */,
				FCE3699E23E4BD7D00661990 /* Main.storyboard in Resources */,
			);
			runOnlyForDeploymentPostprocessing = 0;
		};
/* End PBXResourcesBuildPhase section */

/* Begin PBXSourcesBuildPhase section */
		FCE3698F23E4BD7B00661990 /* Sources */ = {
			isa = PBXSourcesBuildPhase;
			buildActionMask = 2147483647;
			files = (
				FCE3699923E4BD7B00661990 /* ViewController.swift in Sources */,
				FCE369A923E86E1900661990 /* WindowController.swift in Sources */,
				FCE3699723E4BD7B00661990 /* AppDelegate.swift in Sources */,
				FCE369AB23EC943E00661990 /* CGSize+aspectFit+aspectFill.swift in Sources */,
			);
			runOnlyForDeploymentPostprocessing = 0;
		};
/* End PBXSourcesBuildPhase section */

/* Begin PBXVariantGroup section */
		FCE3699C23E4BD7D00661990 /* Main.storyboard */ = {
			isa = PBXVariantGroup;
			children = (
				FCE3699D23E4BD7D00661990 /* Base */,
			);
			name = Main.storyboard;
			sourceTree = "<group>";
		};
/* End PBXVariantGroup section */

/* Begin XCBuildConfiguration section */
		FCE369A123E4BD7D00661990 /* Debug */ = {
			isa = XCBuildConfiguration;
			buildSettings = {
				ALWAYS_SEARCH_USER_PATHS = NO;
				CLANG_ANALYZER_NONNULL = YES;
				CLANG_ANALYZER_NUMBER_OBJECT_CONVERSION = YES_AGGRESSIVE;
				CLANG_CXX_LANGUAGE_STANDARD = "gnu++14";
				CLANG_CXX_LIBRARY = "libc++";
				CLANG_ENABLE_MODULES = YES;
				CLANG_ENABLE_OBJC_ARC = YES;
				CLANG_ENABLE_OBJC_WEAK = YES;
				CLANG_WARN_BLOCK_CAPTURE_AUTORELEASING = YES;
				CLANG_WARN_BOOL_CONVERSION = YES;
				CLANG_WARN_COMMA = YES;
				CLANG_WARN_CONSTANT_CONVERSION = YES;
				CLANG_WARN_DEPRECATED_OBJC_IMPLEMENTATIONS = YES;
				CLANG_WARN_DIRECT_OBJC_ISA_USAGE = YES_ERROR;
				CLANG_WARN_DOCUMENTATION_COMMENTS = YES;
				CLANG_WARN_EMPTY_BODY = YES;
				CLANG_WARN_ENUM_CONVERSION = YES;
				CLANG_WARN_INFINITE_RECURSION = YES;
				CLANG_WARN_INT_CONVERSION = YES;
				CLANG_WARN_NON_LITERAL_NULL_CONVERSION = YES;
				CLANG_WARN_OBJC_IMPLICIT_RETAIN_SELF = YES;
				CLANG_WARN_OBJC_LITERAL_CONVERSION = YES;
				CLANG_WARN_OBJC_ROOT_CLASS = YES_ERROR;
				CLANG_WARN_RANGE_LOOP_ANALYSIS = YES;
				CLANG_WARN_STRICT_PROTOTYPES = YES;
				CLANG_WARN_SUSPICIOUS_MOVE = YES;
				CLANG_WARN_UNGUARDED_AVAILABILITY = YES_AGGRESSIVE;
				CLANG_WARN_UNREACHABLE_CODE = YES;
				CLANG_WARN__DUPLICATE_METHOD_MATCH = YES;
				COPY_PHASE_STRIP = NO;
				DEBUG_INFORMATION_FORMAT = dwarf;
				ENABLE_STRICT_OBJC_MSGSEND = YES;
				ENABLE_TESTABILITY = YES;
				GCC_C_LANGUAGE_STANDARD = gnu11;
				GCC_DYNAMIC_NO_PIC = NO;
				GCC_NO_COMMON_BLOCKS = YES;
				GCC_OPTIMIZATION_LEVEL = 0;
				GCC_PREPROCESSOR_DEFINITIONS = (
					"DEBUG=1",
					"$(inherited)",
				);
				GCC_WARN_64_TO_32_BIT_CONVERSION = YES;
				GCC_WARN_ABOUT_RETURN_TYPE = YES_ERROR;
				GCC_WARN_UNDECLARED_SELECTOR = YES;
				GCC_WARN_UNINITIALIZED_AUTOS = YES_AGGRESSIVE;
				GCC_WARN_UNUSED_FUNCTION = YES;
				GCC_WARN_UNUSED_VARIABLE = YES;
				MACOSX_DEPLOYMENT_TARGET = 10.15;
				MTL_ENABLE_DEBUG_INFO = INCLUDE_SOURCE;
				MTL_FAST_MATH = YES;
				ONLY_ACTIVE_ARCH = YES;
				SDKROOT = macosx;
				SWIFT_ACTIVE_COMPILATION_CONDITIONS = DEBUG;
				SWIFT_OPTIMIZATION_LEVEL = "-Onone";
			};
			name = Debug;
		};
		FCE369A223E4BD7D00661990 /* Release */ = {
			isa = XCBuildConfiguration;
			buildSettings = {
				ALWAYS_SEARCH_USER_PATHS = NO;
				CLANG_ANALYZER_NONNULL = YES;
				CLANG_ANALYZER_NUMBER_OBJECT_CONVERSION = YES_AGGRESSIVE;
				CLANG_CXX_LANGUAGE_STANDARD = "gnu++14";
				CLANG_CXX_LIBRARY = "libc++";
				CLANG_ENABLE_MODULES = YES;
				CLANG_ENABLE_OBJC_ARC = YES;
				CLANG_ENABLE_OBJC_WEAK = YES;
				CLANG_WARN_BLOCK_CAPTURE_AUTORELEASING = YES;
				CLANG_WARN_BOOL_CONVERSION = YES;
				CLANG_WARN_COMMA = YES;
				CLANG_WARN_CONSTANT_CONVERSION = YES;
				CLANG_WARN_DEPRECATED_OBJC_IMPLEMENTATIONS = YES;
				CLANG_WARN_DIRECT_OBJC_ISA_USAGE = YES_ERROR;
				CLANG_WARN_DOCUMENTATION_COMMENTS = YES;
				CLANG_WARN_EMPTY_BODY = YES;
				CLANG_WARN_ENUM_CONVERSION = YES;
				CLANG_WARN_INFINITE_RECURSION = YES;
				CLANG_WARN_INT_CONVERSION = YES;
				CLANG_WARN_NON_LITERAL_NULL_CONVERSION = YES;
				CLANG_WARN_OBJC_IMPLICIT_RETAIN_SELF = YES;
				CLANG_WARN_OBJC_LITERAL_CONVERSION = YES;
				CLANG_WARN_OBJC_ROOT_CLASS = YES_ERROR;
				CLANG_WARN_RANGE_LOOP_ANALYSIS = YES;
				CLANG_WARN_STRICT_PROTOTYPES = YES;
				CLANG_WARN_SUSPICIOUS_MOVE = YES;
				CLANG_WARN_UNGUARDED_AVAILABILITY = YES_AGGRESSIVE;
				CLANG_WARN_UNREACHABLE_CODE = YES;
				CLANG_WARN__DUPLICATE_METHOD_MATCH = YES;
				COPY_PHASE_STRIP = NO;
				DEBUG_INFORMATION_FORMAT = "dwarf-with-dsym";
				ENABLE_NS_ASSERTIONS = NO;
				ENABLE_STRICT_OBJC_MSGSEND = YES;
				GCC_C_LANGUAGE_STANDARD = gnu11;
				GCC_NO_COMMON_BLOCKS = YES;
				GCC_WARN_64_TO_32_BIT_CONVERSION = YES;
				GCC_WARN_ABOUT_RETURN_TYPE = YES_ERROR;
				GCC_WARN_UNDECLARED_SELECTOR = YES;
				GCC_WARN_UNINITIALIZED_AUTOS = YES_AGGRESSIVE;
				GCC_WARN_UNUSED_FUNCTION = YES;
				GCC_WARN_UNUSED_VARIABLE = YES;
				MACOSX_DEPLOYMENT_TARGET = 10.15;
				MTL_ENABLE_DEBUG_INFO = NO;
				MTL_FAST_MATH = YES;
				SDKROOT = macosx;
				SWIFT_COMPILATION_MODE = wholemodule;
				SWIFT_OPTIMIZATION_LEVEL = "-O";
			};
			name = Release;
		};
		FCE369A423E4BD7D00661990 /* Debug */ = {
			isa = XCBuildConfiguration;
			buildSettings = {
				ASSETCATALOG_COMPILER_APPICON_NAME = AppIcon;
				CODE_SIGN_ENTITLEMENTS = ExploringRectangleDetection/ExploringRectangleDetection.entitlements;
				CODE_SIGN_STYLE = Automatic;
				COMBINE_HIDPI_IMAGES = YES;
				DEVELOPMENT_TEAM = ULYJ4WCBG7;
				ENABLE_HARDENED_RUNTIME = YES;
				INFOPLIST_FILE = ExploringRectangleDetection/Info.plist;
				LD_RUNPATH_SEARCH_PATHS = (
					"$(inherited)",
					"@executable_path/../Frameworks",
				);
				PRODUCT_BUNDLE_IDENTIFIER = com.DabblingBadger.ExploringRectangleDetection;
				PRODUCT_NAME = "$(TARGET_NAME)";
				SWIFT_VERSION = 5.0;
			};
			name = Debug;
		};
		FCE369A523E4BD7D00661990 /* Release */ = {
			isa = XCBuildConfiguration;
			buildSettings = {
				ASSETCATALOG_COMPILER_APPICON_NAME = AppIcon;
				CODE_SIGN_ENTITLEMENTS = ExploringRectangleDetection/ExploringRectangleDetection.entitlements;
				CODE_SIGN_STYLE = Automatic;
				COMBINE_HIDPI_IMAGES = YES;
				DEVELOPMENT_TEAM = ULYJ4WCBG7;
				ENABLE_HARDENED_RUNTIME = YES;
				INFOPLIST_FILE = ExploringRectangleDetection/Info.plist;
				LD_RUNPATH_SEARCH_PATHS = (
					"$(inherited)",
					"@executable_path/../Frameworks",
				);
				PRODUCT_BUNDLE_IDENTIFIER = com.DabblingBadger.ExploringRectangleDetection;
				PRODUCT_NAME = "$(TARGET_NAME)";
				SWIFT_VERSION = 5.0;
			};
			name = Release;
		};
/* End XCBuildConfiguration section */

/* Begin XCConfigurationList section */
		FCE3698E23E4BD7B00661990 /* Build configuration list for PBXProject "ExploringRectangleDetection" */ = {
			isa = XCConfigurationList;
			buildConfigurations = (
				FCE369A123E4BD7D00661990 /* Debug */,
				FCE369A223E4BD7D00661990 /* Release */,
			);
			defaultConfigurationIsVisible = 0;
			defaultConfigurationName = Release;
		};
		FCE369A323E4BD7D00661990 /* Build configuration list for PBXNativeTarget "ExploringRectangleDetection" */ = {
			isa = XCConfigurationList;
			buildConfigurations = (
				FCE369A423E4BD7D00661990 /* Debug */,
				FCE369A523E4BD7D00661990 /* Release */,
			);
			defaultConfigurationIsVisible = 0;
			defaultConfigurationName = Release;
		};
/* End XCConfigurationList section */
	};
	rootObject = FCE3698B23E4BD7B00661990 /* Project object */;
}
